
Microsoft Visual Studio Solution File, Format Version 12.00
# Visual Studio Version 17
VisualStudioVersion = 17.8.34511.84
MinimumVisualStudioVersion = 10.0.40219.1
Project("{FAE04EC0-301F-11D3-BF4B-00C04F79EFBC}") = "basicCalculator", "basicCalculator.csproj", "{6CD41F96-FDA4-41A3-AC98-FBFE60B90F75}"
EndProject
Global
	GlobalSection(SolutionConfigurationPlatforms) = preSolution
		Debug|Any CPU = Debug|Any CPU
		Release|Any CPU = Release|Any CPU
	EndGlobalSection
	GlobalSection(ProjectConfigurationPlatforms) = postSolution
		{6CD41F96-FDA4-41A3-AC98-FBFE60B90F75}.Debug|Any CPU.ActiveCfg = Debug|Any CPU
		{6CD41F96-FDA4-41A3-AC98-FBFE60B90F75}.Debug|Any CPU.Build.0 = Debug|Any CPU
		{6CD41F96-FDA4-41A3-AC98-FBFE60B90F75}.Release|Any CPU.ActiveCfg = Release|Any CPU
		{6CD41F96-FDA4-41A3-AC98-FBFE60B90F75}.Release|Any CPU.Build.0 = Release|Any CPU
	EndGlobalSection
	GlobalSection(SolutionProperties) = preSolution
		HideSolutionNode = FALSE
	EndGlobalSection
	GlobalSection(ExtensibilityGlobals) = postSolution
		SolutionGuid = {7858552D-F665-4775-A34F-A57C4B5A9BA7}
	EndGlobalSection
EndGlobal
